
Microsoft Visual Studio Solution File, Format Version 12.00
Project("{FAE04EC0-301F-11D3-BF4B-00C04F79EFBC}") = "me.admin.api", "me.admin.api.csproj", "{631023E7-DA22-4460-9630-07C68E975FEF}"
EndProject
Global
	GlobalSection(SolutionConfigurationPlatforms) = preSolution
		Debug|Any CPU = Debug|Any CPU
		Release|Any CPU = Release|Any CPU
	EndGlobalSection
	GlobalSection(ProjectConfigurationPlatforms) = postSolution
		{631023E7-DA22-4460-9630-07C68E975FEF}.Debug|Any CPU.ActiveCfg = Debug|Any CPU
		{631023E7-DA22-4460-9630-07C68E975FEF}.Debug|Any CPU.Build.0 = Debug|Any CPU
		{631023E7-DA22-4460-9630-07C68E975FEF}.Release|Any CPU.ActiveCfg = Release|Any CPU
		{631023E7-DA22-4460-9630-07C68E975FEF}.Release|Any CPU.Build.0 = Release|Any CPU
	EndGlobalSection
EndGlobal
